// !$*UTF8*$!
{
	archiveVersion = 1;
	classes = {
	};
	objectVersion = 56;
	objects = {

/* Begin PBXBuildFile section */
		6B08EF552C98E67700A218E2 /* OrderModel.swift in Sources */ = {isa = PBXBuildFile; fileRef = 6B08EF542C98E67700A218E2 /* OrderModel.swift */; };
		6B08EF602C98EA7C00A218E2 /* CoreDataManager.swift in Sources */ = {isa = PBXBuildFile; fileRef = 6B08EF5F2C98EA7C00A218E2 /* CoreDataManager.swift */; };
		6B08EF752C98F6C600A218E2 /* CreateOrderViewController.swift in Sources */ = {isa = PBXBuildFile; fileRef = 6B08EF732C98F6C600A218E2 /* CreateOrderViewController.swift */; };
		6B08EF762C98F6C600A218E2 /* CreateOrderViewController.xib in Resources */ = {isa = PBXBuildFile; fileRef = 6B08EF742C98F6C600A218E2 /* CreateOrderViewController.xib */; };
		6B08EF782C98FE6000A218E2 /* BaseTextField.swift in Sources */ = {isa = PBXBuildFile; fileRef = 6B08EF772C98FE6000A218E2 /* BaseTextField.swift */; };
		6B08EF7B2C99658F00A218E2 /* OrderViewModel.swift in Sources */ = {isa = PBXBuildFile; fileRef = 6B08EF7A2C99658F00A218E2 /* OrderViewModel.swift */; };
		6B08EF7F2C996A5C00A218E2 /* MaterialTableViewCell.swift in Sources */ = {isa = PBXBuildFile; fileRef = 6B08EF7D2C996A5C00A218E2 /* MaterialTableViewCell.swift */; };
		6B08EF802C996A5C00A218E2 /* MaterialTableViewCell.xib in Resources */ = {isa = PBXBuildFile; fileRef = 6B08EF7E2C996A5C00A218E2 /* MaterialTableViewCell.xib */; };
		6B56F8422C98C55600A11B65 /* AppDelegate.swift in Sources */ = {isa = PBXBuildFile; fileRef = 6B56F8412C98C55600A11B65 /* AppDelegate.swift */; };
		6B56F8442C98C55600A11B65 /* SceneDelegate.swift in Sources */ = {isa = PBXBuildFile; fileRef = 6B56F8432C98C55600A11B65 /* SceneDelegate.swift */; };
		6B56F8462C98C55600A11B65 /* SplashViewController.swift in Sources */ = {isa = PBXBuildFile; fileRef = 6B56F8452C98C55600A11B65 /* SplashViewController.swift */; };
		6B56F8492C98C55600A11B65 /* Base in Resources */ = {isa = PBXBuildFile; fileRef = 6B56F8482C98C55600A11B65 /* Base */; };
		6B56F84C2C98C55600A11B65 /* Dry_Cleaning.xcdatamodeld in Sources */ = {isa = PBXBuildFile; fileRef = 6B56F84A2C98C55600A11B65 /* Dry_Cleaning.xcdatamodeld */; };
		6B56F84E2C98C55800A11B65 /* Assets.xcassets in Resources */ = {isa = PBXBuildFile; fileRef = 6B56F84D2C98C55800A11B65 /* Assets.xcassets */; };
		6B56F8512C98C55800A11B65 /* Base in Resources */ = {isa = PBXBuildFile; fileRef = 6B56F8502C98C55800A11B65 /* Base */; };
		6B56F85A2C98C73700A11B65 /* SplashPageViewController.swift in Sources */ = {isa = PBXBuildFile; fileRef = 6B56F8592C98C73700A11B65 /* SplashPageViewController.swift */; };
		6B56F85B2C98C78300A11B65 /* Splash.storyboard in Resources */ = {isa = PBXBuildFile; fileRef = 6B56F8472C98C55600A11B65 /* Splash.storyboard */; };
		6B56F8672C98C99300A11B65 /* Font.swift in Sources */ = {isa = PBXBuildFile; fileRef = 6B56F8662C98C99300A11B65 /* Font.swift */; };
		6B56F8692C98C9A800A11B65 /* StringKey.swift in Sources */ = {isa = PBXBuildFile; fileRef = 6B56F8682C98C9A800A11B65 /* StringKey.swift */; };
		6B56F86B2C98C9FF00A11B65 /* BaseButton.swift in Sources */ = {isa = PBXBuildFile; fileRef = 6B56F86A2C98C9FF00A11B65 /* BaseButton.swift */; };
		6B56F8922C98CD4100A11B65 /* FirstSplashViewController.xib in Resources */ = {isa = PBXBuildFile; fileRef = 6B56F8912C98CD4100A11B65 /* FirstSplashViewController.xib */; };
		6B56F8932C98CD4100A11B65 /* FirstSplashViewController.swift in Sources */ = {isa = PBXBuildFile; fileRef = 6B56F8902C98CD4100A11B65 /* FirstSplashViewController.swift */; };
		6B9F6BA92C9981F5003C2287 /* DateFormatter.swift in Sources */ = {isa = PBXBuildFile; fileRef = 6B9F6BA82C9981F5003C2287 /* DateFormatter.swift */; };
		6B9F6BAB2C9999D4003C2287 /* NumberTextField.swift in Sources */ = {isa = PBXBuildFile; fileRef = 6B9F6BAA2C9999D4003C2287 /* NumberTextField.swift */; };
		6B9F6BAD2C99B348003C2287 /* FormatNumber.swift in Sources */ = {isa = PBXBuildFile; fileRef = 6B9F6BAC2C99B348003C2287 /* FormatNumber.swift */; };
		6B9F6BB12C99BB18003C2287 /* MenuViewModel.swift in Sources */ = {isa = PBXBuildFile; fileRef = 6B9F6BB02C99BB18003C2287 /* MenuViewModel.swift */; };
		6BAB73002C9A37750093AF8A /* SFProText-Bold.ttf in Resources */ = {isa = PBXBuildFile; fileRef = 6BAB72FF2C9A37750093AF8A /* SFProText-Bold.ttf */; };
		6BAB73022C9A37860093AF8A /* SFProText-Medium.ttf in Resources */ = {isa = PBXBuildFile; fileRef = 6BAB73012C9A37860093AF8A /* SFProText-Medium.ttf */; };
		6BAB73042C9A37910093AF8A /* SFProText-Regular.ttf in Resources */ = {isa = PBXBuildFile; fileRef = 6BAB73032C9A37910093AF8A /* SFProText-Regular.ttf */; };
		6BAB73062C9A37990093AF8A /* SFProText-Semibold.ttf in Resources */ = {isa = PBXBuildFile; fileRef = 6BAB73052C9A37990093AF8A /* SFProText-Semibold.ttf */; };
		6BD441972C99CBBA00F4B25E /* CoolView.swift in Sources */ = {isa = PBXBuildFile; fileRef = 6BD441962C99CBBA00F4B25E /* CoolView.swift */; };
		6BD441992C99CBC800F4B25E /* CoolView.xib in Resources */ = {isa = PBXBuildFile; fileRef = 6BD441982C99CBC800F4B25E /* CoolView.xib */; };
		6BD4419F2C99D31F00F4B25E /* OrdersViewController.xib in Resources */ = {isa = PBXBuildFile; fileRef = 6BD4419E2C99D31F00F4B25E /* OrdersViewController.xib */; };
		6BD441A02C99D31F00F4B25E /* OrdersViewController.swift in Sources */ = {isa = PBXBuildFile; fileRef = 6BD4419D2C99D31F00F4B25E /* OrdersViewController.swift */; };
		6BD441A32C99D3DD00F4B25E /* OrderTableViewCell.xib in Resources */ = {isa = PBXBuildFile; fileRef = 6BD441A22C99D3DD00F4B25E /* OrderTableViewCell.xib */; };
		6BD441A42C99D3DD00F4B25E /* OrderTableViewCell.swift in Sources */ = {isa = PBXBuildFile; fileRef = 6BD441A12C99D3DD00F4B25E /* OrderTableViewCell.swift */; };
		6BD441A72C99DAD100F4B25E /* OrdersViewModel.swift in Sources */ = {isa = PBXBuildFile; fileRef = 6BD441A62C99DAD100F4B25E /* OrdersViewModel.swift */; };
		6BD441AD2C99F97800F4B25E /* EmptyCompletedTableViewCell.xib in Resources */ = {isa = PBXBuildFile; fileRef = 6BD441AC2C99F97800F4B25E /* EmptyCompletedTableViewCell.xib */; };
		6BD441AE2C99F97800F4B25E /* EmptyCompletedTableViewCell.swift in Sources */ = {isa = PBXBuildFile; fileRef = 6BD441AB2C99F97800F4B25E /* EmptyCompletedTableViewCell.swift */; };
		6BD441B32C9A173800F4B25E /* StatisticsViewController.xib in Resources */ = {isa = PBXBuildFile; fileRef = 6BD441B22C9A173800F4B25E /* StatisticsViewController.xib */; };
		6BD441B42C9A173800F4B25E /* StatisticsViewController.swift in Sources */ = {isa = PBXBuildFile; fileRef = 6BD441B12C9A173800F4B25E /* StatisticsViewController.swift */; };
		6BD441B82C9A1DF700F4B25E /* StatisticsViewModel.swift in Sources */ = {isa = PBXBuildFile; fileRef = 6BD441B72C9A1DF700F4B25E /* StatisticsViewModel.swift */; };
		6BD441BB2C9A1ECF00F4B25E /* StatisticsModel.swift in Sources */ = {isa = PBXBuildFile; fileRef = 6BD441BA2C9A1ECF00F4B25E /* StatisticsModel.swift */; };
		6BD441C02C9A2CC800F4B25E /* SettingsViewController.xib in Resources */ = {isa = PBXBuildFile; fileRef = 6BD441BF2C9A2CC800F4B25E /* SettingsViewController.xib */; };
		6BD441C12C9A2CC800F4B25E /* SettingsViewController.swift in Sources */ = {isa = PBXBuildFile; fileRef = 6BD441BE2C9A2CC800F4B25E /* SettingsViewController.swift */; };
		6BE2A0BF2C98DA6200490224 /* MenuViewController.xib in Resources */ = {isa = PBXBuildFile; fileRef = 6BE2A0BE2C98DA6200490224 /* MenuViewController.xib */; };
		6BE2A0C02C98DA6200490224 /* MenuViewController.swift in Sources */ = {isa = PBXBuildFile; fileRef = 6BE2A0BD2C98DA6200490224 /* MenuViewController.swift */; };
		6BE2A0C22C98DC1F00490224 /* ViewController.swift in Sources */ = {isa = PBXBuildFile; fileRef = 6BE2A0C12C98DC1F00490224 /* ViewController.swift */; };
		6BE2A0C42C98DD8700490224 /* NavigationViewController.swift in Sources */ = {isa = PBXBuildFile; fileRef = 6BE2A0C32C98DD8700490224 /* NavigationViewController.swift */; };
/* End PBXBuildFile section */

/* Begin PBXFileReference section */
		6B08EF542C98E67700A218E2 /* OrderModel.swift */ = {isa = PBXFileReference; lastKnownFileType = sourcecode.swift; path = OrderModel.swift; sourceTree = "<group>"; };
		6B08EF5F2C98EA7C00A218E2 /* CoreDataManager.swift */ = {isa = PBXFileReference; lastKnownFileType = sourcecode.swift; path = CoreDataManager.swift; sourceTree = "<group>"; };
		6B08EF732C98F6C600A218E2 /* CreateOrderViewController.swift */ = {isa = PBXFileReference; lastKnownFileType = sourcecode.swift; path = CreateOrderViewController.swift; sourceTree = "<group>"; };
		6B08EF742C98F6C600A218E2 /* CreateOrderViewController.xib */ = {isa = PBXFileReference; lastKnownFileType = file.xib; path = CreateOrderViewController.xib; sourceTree = "<group>"; };
		6B08EF772C98FE6000A218E2 /* BaseTextField.swift */ = {isa = PBXFileReference; lastKnownFileType = sourcecode.swift; path = BaseTextField.swift; sourceTree = "<group>"; };
		6B08EF7A2C99658F00A218E2 /* OrderViewModel.swift */ = {isa = PBXFileReference; lastKnownFileType = sourcecode.swift; path = OrderViewModel.swift; sourceTree = "<group>"; };
		6B08EF7D2C996A5C00A218E2 /* MaterialTableViewCell.swift */ = {isa = PBXFileReference; lastKnownFileType = sourcecode.swift; path = MaterialTableViewCell.swift; sourceTree = "<group>"; };
		6B08EF7E2C996A5C00A218E2 /* MaterialTableViewCell.xib */ = {isa = PBXFileReference; lastKnownFileType = file.xib; path = MaterialTableViewCell.xib; sourceTree = "<group>"; };
		6B56F83E2C98C55600A11B65 /* Dry-Cleaning.app */ = {isa = PBXFileReference; explicitFileType = wrapper.application; includeInIndex = 0; path = "Dry-Cleaning.app"; sourceTree = BUILT_PRODUCTS_DIR; };
		6B56F8412C98C55600A11B65 /* AppDelegate.swift */ = {isa = PBXFileReference; lastKnownFileType = sourcecode.swift; path = AppDelegate.swift; sourceTree = "<group>"; };
		6B56F8432C98C55600A11B65 /* SceneDelegate.swift */ = {isa = PBXFileReference; lastKnownFileType = sourcecode.swift; path = SceneDelegate.swift; sourceTree = "<group>"; };
		6B56F8452C98C55600A11B65 /* SplashViewController.swift */ = {isa = PBXFileReference; lastKnownFileType = sourcecode.swift; path = SplashViewController.swift; sourceTree = "<group>"; };
		6B56F8482C98C55600A11B65 /* Base */ = {isa = PBXFileReference; lastKnownFileType = file.storyboard; name = Base; path = Base.lproj/Splash.storyboard; sourceTree = "<group>"; };
		6B56F84B2C98C55600A11B65 /* Dry_Cleaning.xcdatamodel */ = {isa = PBXFileReference; lastKnownFileType = wrapper.xcdatamodel; path = Dry_Cleaning.xcdatamodel; sourceTree = "<group>"; };
		6B56F84D2C98C55800A11B65 /* Assets.xcassets */ = {isa = PBXFileReference; lastKnownFileType = folder.assetcatalog; path = Assets.xcassets; sourceTree = "<group>"; };
		6B56F8502C98C55800A11B65 /* Base */ = {isa = PBXFileReference; lastKnownFileType = file.storyboard; name = Base; path = Base.lproj/LaunchScreen.storyboard; sourceTree = "<group>"; };
		6B56F8522C98C55800A11B65 /* Info.plist */ = {isa = PBXFileReference; lastKnownFileType = text.plist.xml; path = Info.plist; sourceTree = "<group>"; };
		6B56F8592C98C73700A11B65 /* SplashPageViewController.swift */ = {isa = PBXFileReference; lastKnownFileType = sourcecode.swift; path = SplashPageViewController.swift; sourceTree = "<group>"; };
		6B56F8662C98C99300A11B65 /* Font.swift */ = {isa = PBXFileReference; lastKnownFileType = sourcecode.swift; path = Font.swift; sourceTree = "<group>"; };
		6B56F8682C98C9A800A11B65 /* StringKey.swift */ = {isa = PBXFileReference; lastKnownFileType = sourcecode.swift; path = StringKey.swift; sourceTree = "<group>"; };
		6B56F86A2C98C9FF00A11B65 /* BaseButton.swift */ = {isa = PBXFileReference; lastKnownFileType = sourcecode.swift; path = BaseButton.swift; sourceTree = "<group>"; };
		6B56F8902C98CD4100A11B65 /* FirstSplashViewController.swift */ = {isa = PBXFileReference; lastKnownFileType = sourcecode.swift; path = FirstSplashViewController.swift; sourceTree = "<group>"; };
		6B56F8912C98CD4100A11B65 /* FirstSplashViewController.xib */ = {isa = PBXFileReference; lastKnownFileType = file.xib; path = FirstSplashViewController.xib; sourceTree = "<group>"; };
		6B9F6BA82C9981F5003C2287 /* DateFormatter.swift */ = {isa = PBXFileReference; lastKnownFileType = sourcecode.swift; path = DateFormatter.swift; sourceTree = "<group>"; };
		6B9F6BAA2C9999D4003C2287 /* NumberTextField.swift */ = {isa = PBXFileReference; lastKnownFileType = sourcecode.swift; path = NumberTextField.swift; sourceTree = "<group>"; };
		6B9F6BAC2C99B348003C2287 /* FormatNumber.swift */ = {isa = PBXFileReference; lastKnownFileType = sourcecode.swift; path = FormatNumber.swift; sourceTree = "<group>"; };
		6B9F6BB02C99BB18003C2287 /* MenuViewModel.swift */ = {isa = PBXFileReference; lastKnownFileType = sourcecode.swift; path = MenuViewModel.swift; sourceTree = "<group>"; };
		6BAB72FF2C9A37750093AF8A /* SFProText-Bold.ttf */ = {isa = PBXFileReference; lastKnownFileType = file; path = "SFProText-Bold.ttf"; sourceTree = "<group>"; };
		6BAB73012C9A37860093AF8A /* SFProText-Medium.ttf */ = {isa = PBXFileReference; lastKnownFileType = file; path = "SFProText-Medium.ttf"; sourceTree = "<group>"; };
		6BAB73032C9A37910093AF8A /* SFProText-Regular.ttf */ = {isa = PBXFileReference; lastKnownFileType = file; path = "SFProText-Regular.ttf"; sourceTree = "<group>"; };
		6BAB73052C9A37990093AF8A /* SFProText-Semibold.ttf */ = {isa = PBXFileReference; lastKnownFileType = file; path = "SFProText-Semibold.ttf"; sourceTree = "<group>"; };
		6BD441962C99CBBA00F4B25E /* CoolView.swift */ = {isa = PBXFileReference; lastKnownFileType = sourcecode.swift; path = CoolView.swift; sourceTree = "<group>"; };
		6BD441982C99CBC800F4B25E /* CoolView.xib */ = {isa = PBXFileReference; lastKnownFileType = file.xib; path = CoolView.xib; sourceTree = "<group>"; };
		6BD4419D2C99D31F00F4B25E /* OrdersViewController.swift */ = {isa = PBXFileReference; lastKnownFileType = sourcecode.swift; path = OrdersViewController.swift; sourceTree = "<group>"; };
		6BD4419E2C99D31F00F4B25E /* OrdersViewController.xib */ = {isa = PBXFileReference; lastKnownFileType = file.xib; path = OrdersViewController.xib; sourceTree = "<group>"; };
		6BD441A12C99D3DD00F4B25E /* OrderTableViewCell.swift */ = {isa = PBXFileReference; lastKnownFileType = sourcecode.swift; path = OrderTableViewCell.swift; sourceTree = "<group>"; };
		6BD441A22C99D3DD00F4B25E /* OrderTableViewCell.xib */ = {isa = PBXFileReference; lastKnownFileType = file.xib; path = OrderTableViewCell.xib; sourceTree = "<group>"; };
		6BD441A62C99DAD100F4B25E /* OrdersViewModel.swift */ = {isa = PBXFileReference; lastKnownFileType = sourcecode.swift; path = OrdersViewModel.swift; sourceTree = "<group>"; };
		6BD441AB2C99F97800F4B25E /* EmptyCompletedTableViewCell.swift */ = {isa = PBXFileReference; lastKnownFileType = sourcecode.swift; path = EmptyCompletedTableViewCell.swift; sourceTree = "<group>"; };
		6BD441AC2C99F97800F4B25E /* EmptyCompletedTableViewCell.xib */ = {isa = PBXFileReference; lastKnownFileType = file.xib; path = EmptyCompletedTableViewCell.xib; sourceTree = "<group>"; };
		6BD441B12C9A173800F4B25E /* StatisticsViewController.swift */ = {isa = PBXFileReference; lastKnownFileType = sourcecode.swift; path = StatisticsViewController.swift; sourceTree = "<group>"; };
		6BD441B22C9A173800F4B25E /* StatisticsViewController.xib */ = {isa = PBXFileReference; lastKnownFileType = file.xib; path = StatisticsViewController.xib; sourceTree = "<group>"; };
		6BD441B72C9A1DF700F4B25E /* StatisticsViewModel.swift */ = {isa = PBXFileReference; lastKnownFileType = sourcecode.swift; path = StatisticsViewModel.swift; sourceTree = "<group>"; };
		6BD441BA2C9A1ECF00F4B25E /* StatisticsModel.swift */ = {isa = PBXFileReference; lastKnownFileType = sourcecode.swift; path = StatisticsModel.swift; sourceTree = "<group>"; };
		6BD441BE2C9A2CC800F4B25E /* SettingsViewController.swift */ = {isa = PBXFileReference; lastKnownFileType = sourcecode.swift; path = SettingsViewController.swift; sourceTree = "<group>"; };
		6BD441BF2C9A2CC800F4B25E /* SettingsViewController.xib */ = {isa = PBXFileReference; lastKnownFileType = file.xib; path = SettingsViewController.xib; sourceTree = "<group>"; };
		6BE2A0BD2C98DA6200490224 /* MenuViewController.swift */ = {isa = PBXFileReference; lastKnownFileType = sourcecode.swift; path = MenuViewController.swift; sourceTree = "<group>"; };
		6BE2A0BE2C98DA6200490224 /* MenuViewController.xib */ = {isa = PBXFileReference; lastKnownFileType = file.xib; path = MenuViewController.xib; sourceTree = "<group>"; };
		6BE2A0C12C98DC1F00490224 /* ViewController.swift */ = {isa = PBXFileReference; lastKnownFileType = sourcecode.swift; path = ViewController.swift; sourceTree = "<group>"; };
		6BE2A0C32C98DD8700490224 /* NavigationViewController.swift */ = {isa = PBXFileReference; lastKnownFileType = sourcecode.swift; path = NavigationViewController.swift; sourceTree = "<group>"; };
/* End PBXFileReference section */

/* Begin PBXFrameworksBuildPhase section */
		6B56F83B2C98C55600A11B65 /* Frameworks */ = {
			isa = PBXFrameworksBuildPhase;
			buildActionMask = 2147483647;
			files = (
			);
			runOnlyForDeploymentPostprocessing = 0;
		};
/* End PBXFrameworksBuildPhase section */

/* Begin PBXGroup section */
		6B08EF522C98E65C00A218E2 /* View */ = {
			isa = PBXGroup;
			children = (
				6B9F6BAF2C99BB00003C2287 /* ViewModel */,
				6B9F6BAE2C99BAF9003C2287 /* View */,
			);
			path = View;
			sourceTree = "<group>";
		};
		6B08EF532C98E66800A218E2 /* Model */ = {
			isa = PBXGroup;
			children = (
				6B08EF542C98E67700A218E2 /* OrderModel.swift */,
			);
			path = Model;
			sourceTree = "<group>";
		};
		6B08EF5E2C98EA6F00A218E2 /* CoreData */ = {
			isa = PBXGroup;
			children = (
				6B08EF5F2C98EA7C00A218E2 /* CoreDataManager.swift */,
			);
			path = CoreData;
			sourceTree = "<group>";
		};
		6B08EF712C98F69400A218E2 /* Order */ = {
			isa = PBXGroup;
			children = (
				6BD441952C99CBA100F4B25E /* CoolView */,
				6B08EF7C2C996A4000A218E2 /* Cell */,
				6B08EF792C99656900A218E2 /* ViewModel */,
				6B08EF722C98F69A00A218E2 /* View */,
			);
			path = Order;
			sourceTree = "<group>";
		};
		6B08EF722C98F69A00A218E2 /* View */ = {
			isa = PBXGroup;
			children = (
				6B08EF732C98F6C600A218E2 /* CreateOrderViewController.swift */,
				6B08EF742C98F6C600A218E2 /* CreateOrderViewController.xib */,
			);
			path = View;
			sourceTree = "<group>";
		};
		6B08EF792C99656900A218E2 /* ViewModel */ = {
			isa = PBXGroup;
			children = (
				6B08EF7A2C99658F00A218E2 /* OrderViewModel.swift */,
			);
			path = ViewModel;
			sourceTree = "<group>";
		};
		6B08EF7C2C996A4000A218E2 /* Cell */ = {
			isa = PBXGroup;
			children = (
				6B08EF7D2C996A5C00A218E2 /* MaterialTableViewCell.swift */,
				6B08EF7E2C996A5C00A218E2 /* MaterialTableViewCell.xib */,
			);
			path = Cell;
			sourceTree = "<group>";
		};
		6B56F8352C98C55600A11B65 = {
			isa = PBXGroup;
			children = (
				6B56F8402C98C55600A11B65 /* Dry-Cleaning */,
				6B56F83F2C98C55600A11B65 /* Products */,
			);
			sourceTree = "<group>";
		};
		6B56F83F2C98C55600A11B65 /* Products */ = {
			isa = PBXGroup;
			children = (
				6B56F83E2C98C55600A11B65 /* Dry-Cleaning.app */,
			);
			name = Products;
			sourceTree = "<group>";
		};
		6B56F8402C98C55600A11B65 /* Dry-Cleaning */ = {
			isa = PBXGroup;
			children = (
				6BD441BC2C9A2CB500F4B25E /* Settings */,
				6BD441AF2C9A171C00F4B25E /* Statistics */,
				6BD4419A2C99D2FC00F4B25E /* Orders */,
				6B08EF5E2C98EA6F00A218E2 /* CoreData */,
				6B08EF712C98F69400A218E2 /* Order */,
				6BE2A0BC2C98DA2900490224 /* Menu */,
				6B56F8582C98C70300A11B65 /* Splash */,
				6B56F8652C98C98A00A11B65 /* Extension */,
				6B56F8412C98C55600A11B65 /* AppDelegate.swift */,
				6B56F8432C98C55600A11B65 /* SceneDelegate.swift */,
				6B56F84D2C98C55800A11B65 /* Assets.xcassets */,
				6B56F84F2C98C55800A11B65 /* LaunchScreen.storyboard */,
				6B56F8522C98C55800A11B65 /* Info.plist */,
				6B56F84A2C98C55600A11B65 /* Dry_Cleaning.xcdatamodeld */,
			);
			path = "Dry-Cleaning";
			sourceTree = "<group>";
		};
		6B56F8582C98C70300A11B65 /* Splash */ = {
			isa = PBXGroup;
			children = (
				6B56F86D2C98CBA000A11B65 /* SplashPages */,
				6B56F86C2C98CB9300A11B65 /* Pager */,
			);
			path = Splash;
			sourceTree = "<group>";
		};
		6B56F8652C98C98A00A11B65 /* Extension */ = {
			isa = PBXGroup;
			children = (
				6BAB72FE2C9A37210093AF8A /* Fonts */,
				6B56F8662C98C99300A11B65 /* Font.swift */,
				6B56F8682C98C9A800A11B65 /* StringKey.swift */,
				6B56F86A2C98C9FF00A11B65 /* BaseButton.swift */,
				6BE2A0C12C98DC1F00490224 /* ViewController.swift */,
				6B08EF772C98FE6000A218E2 /* BaseTextField.swift */,
				6B9F6BA82C9981F5003C2287 /* DateFormatter.swift */,
				6B9F6BAA2C9999D4003C2287 /* NumberTextField.swift */,
				6B9F6BAC2C99B348003C2287 /* FormatNumber.swift */,
			);
			path = Extension;
			sourceTree = "<group>";
		};
		6B56F86C2C98CB9300A11B65 /* Pager */ = {
			isa = PBXGroup;
			children = (
				6BE2A0C32C98DD8700490224 /* NavigationViewController.swift */,
				6B56F8452C98C55600A11B65 /* SplashViewController.swift */,
				6B56F8592C98C73700A11B65 /* SplashPageViewController.swift */,
				6B56F8472C98C55600A11B65 /* Splash.storyboard */,
			);
			path = Pager;
			sourceTree = "<group>";
		};
		6B56F86D2C98CBA000A11B65 /* SplashPages */ = {
			isa = PBXGroup;
			children = (
				6B56F8902C98CD4100A11B65 /* FirstSplashViewController.swift */,
				6B56F8912C98CD4100A11B65 /* FirstSplashViewController.xib */,
			);
			path = SplashPages;
			sourceTree = "<group>";
		};
		6B9F6BAE2C99BAF9003C2287 /* View */ = {
			isa = PBXGroup;
			children = (
				6BE2A0BD2C98DA6200490224 /* MenuViewController.swift */,
				6BE2A0BE2C98DA6200490224 /* MenuViewController.xib */,
			);
			path = View;
			sourceTree = "<group>";
		};
		6B9F6BAF2C99BB00003C2287 /* ViewModel */ = {
			isa = PBXGroup;
			children = (
				6B9F6BB02C99BB18003C2287 /* MenuViewModel.swift */,
			);
			path = ViewModel;
			sourceTree = "<group>";
		};
		6BAB72FE2C9A37210093AF8A /* Fonts */ = {
			isa = PBXGroup;
			children = (
				6BAB72FF2C9A37750093AF8A /* SFProText-Bold.ttf */,
				6BAB73052C9A37990093AF8A /* SFProText-Semibold.ttf */,
				6BAB73012C9A37860093AF8A /* SFProText-Medium.ttf */,
				6BAB73032C9A37910093AF8A /* SFProText-Regular.ttf */,
			);
			path = Fonts;
			sourceTree = "<group>";
		};
		6BD441952C99CBA100F4B25E /* CoolView */ = {
			isa = PBXGroup;
			children = (
				6BD441962C99CBBA00F4B25E /* CoolView.swift */,
				6BD441982C99CBC800F4B25E /* CoolView.xib */,
			);
			path = CoolView;
			sourceTree = "<group>";
		};
		6BD4419A2C99D2FC00F4B25E /* Orders */ = {
			isa = PBXGroup;
			children = (
				6BD441A82C99DDB300F4B25E /* Model */,
				6BD441A52C99DAC200F4B25E /* ViewModel */,
				6BD4419C2C99D30800F4B25E /* Cell */,
				6BD4419B2C99D30300F4B25E /* View */,
			);
			path = Orders;
			sourceTree = "<group>";
		};
		6BD4419B2C99D30300F4B25E /* View */ = {
			isa = PBXGroup;
			children = (
				6BD4419D2C99D31F00F4B25E /* OrdersViewController.swift */,
				6BD4419E2C99D31F00F4B25E /* OrdersViewController.xib */,
			);
			path = View;
			sourceTree = "<group>";
		};
		6BD4419C2C99D30800F4B25E /* Cell */ = {
			isa = PBXGroup;
			children = (
				6BD441A12C99D3DD00F4B25E /* OrderTableViewCell.swift */,
				6BD441A22C99D3DD00F4B25E /* OrderTableViewCell.xib */,
				6BD441AB2C99F97800F4B25E /* EmptyCompletedTableViewCell.swift */,
				6BD441AC2C99F97800F4B25E /* EmptyCompletedTableViewCell.xib */,
			);
			path = Cell;
			sourceTree = "<group>";
		};
		6BD441A52C99DAC200F4B25E /* ViewModel */ = {
			isa = PBXGroup;
			children = (
				6BD441A62C99DAD100F4B25E /* OrdersViewModel.swift */,
			);
			path = ViewModel;
			sourceTree = "<group>";
		};
		6BD441A82C99DDB300F4B25E /* Model */ = {
			isa = PBXGroup;
			children = (
			);
			path = Model;
			sourceTree = "<group>";
		};
		6BD441AF2C9A171C00F4B25E /* Statistics */ = {
			isa = PBXGroup;
			children = (
				6BD441B92C9A1EC200F4B25E /* Model */,
				6BD441B52C9A1DE000F4B25E /* ViewModel */,
				6BD441B02C9A172700F4B25E /* View */,
			);
			path = Statistics;
			sourceTree = "<group>";
		};
		6BD441B02C9A172700F4B25E /* View */ = {
			isa = PBXGroup;
			children = (
				6BD441B12C9A173800F4B25E /* StatisticsViewController.swift */,
				6BD441B22C9A173800F4B25E /* StatisticsViewController.xib */,
			);
			path = View;
			sourceTree = "<group>";
		};
		6BD441B52C9A1DE000F4B25E /* ViewModel */ = {
			isa = PBXGroup;
			children = (
				6BD441B72C9A1DF700F4B25E /* StatisticsViewModel.swift */,
			);
			path = ViewModel;
			sourceTree = "<group>";
		};
		6BD441B92C9A1EC200F4B25E /* Model */ = {
			isa = PBXGroup;
			children = (
				6BD441BA2C9A1ECF00F4B25E /* StatisticsModel.swift */,
			);
			path = Model;
			sourceTree = "<group>";
		};
		6BD441BC2C9A2CB500F4B25E /* Settings */ = {
			isa = PBXGroup;
			children = (
				6BD441BD2C9A2CBB00F4B25E /* View */,
			);
			path = Settings;
			sourceTree = "<group>";
		};
		6BD441BD2C9A2CBB00F4B25E /* View */ = {
			isa = PBXGroup;
			children = (
				6BD441BE2C9A2CC800F4B25E /* SettingsViewController.swift */,
				6BD441BF2C9A2CC800F4B25E /* SettingsViewController.xib */,
			);
			path = View;
			sourceTree = "<group>";
		};
		6BE2A0BC2C98DA2900490224 /* Menu */ = {
			isa = PBXGroup;
			children = (
				6B08EF532C98E66800A218E2 /* Model */,
				6B08EF522C98E65C00A218E2 /* View */,
			);
			path = Menu;
			sourceTree = "<group>";
		};
/* End PBXGroup section */

/* Begin PBXNativeTarget section */
		6B56F83D2C98C55600A11B65 /* Dry-Cleaning */ = {
			isa = PBXNativeTarget;
			buildConfigurationList = 6B56F8552C98C55800A11B65 /* Build configuration list for PBXNativeTarget "Dry-Cleaning" */;
			buildPhases = (
				6B56F83A2C98C55600A11B65 /* Sources */,
				6B56F83B2C98C55600A11B65 /* Frameworks */,
				6B56F83C2C98C55600A11B65 /* Resources */,
			);
			buildRules = (
			);
			dependencies = (
			);
			name = "Dry-Cleaning";
			productName = "Dry-Cleaning";
			productReference = 6B56F83E2C98C55600A11B65 /* Dry-Cleaning.app */;
			productType = "com.apple.product-type.application";
		};
/* End PBXNativeTarget section */

/* Begin PBXProject section */
		6B56F8362C98C55600A11B65 /* Project object */ = {
			isa = PBXProject;
			attributes = {
				BuildIndependentTargetsInParallel = 1;
				LastSwiftUpdateCheck = 1540;
				LastUpgradeCheck = 1540;
				TargetAttributes = {
					6B56F83D2C98C55600A11B65 = {
						CreatedOnToolsVersion = 15.4;
					};
				};
			};
			buildConfigurationList = 6B56F8392C98C55600A11B65 /* Build configuration list for PBXProject "Dry-Cleaning" */;
			compatibilityVersion = "Xcode 14.0";
			developmentRegion = en;
			hasScannedForEncodings = 0;
			knownRegions = (
				en,
				Base,
			);
			mainGroup = 6B56F8352C98C55600A11B65;
			productRefGroup = 6B56F83F2C98C55600A11B65 /* Products */;
			projectDirPath = "";
			projectRoot = "";
			targets = (
				6B56F83D2C98C55600A11B65 /* Dry-Cleaning */,
			);
		};
/* End PBXProject section */

/* Begin PBXResourcesBuildPhase section */
		6B56F83C2C98C55600A11B65 /* Resources */ = {
			isa = PBXResourcesBuildPhase;
			buildActionMask = 2147483647;
			files = (
				6B08EF802C996A5C00A218E2 /* MaterialTableViewCell.xib in Resources */,
				6BD441C02C9A2CC800F4B25E /* SettingsViewController.xib in Resources */,
				6B56F8922C98CD4100A11B65 /* FirstSplashViewController.xib in Resources */,
				6B08EF762C98F6C600A218E2 /* CreateOrderViewController.xib in Resources */,
				6BD441B32C9A173800F4B25E /* StatisticsViewController.xib in Resources */,
				6B56F84E2C98C55800A11B65 /* Assets.xcassets in Resources */,
				6B56F8512C98C55800A11B65 /* Base in Resources */,
				6BAB73002C9A37750093AF8A /* SFProText-Bold.ttf in Resources */,
				6BD441A32C99D3DD00F4B25E /* OrderTableViewCell.xib in Resources */,
				6BAB73042C9A37910093AF8A /* SFProText-Regular.ttf in Resources */,
				6BD4419F2C99D31F00F4B25E /* OrdersViewController.xib in Resources */,
				6BAB73062C9A37990093AF8A /* SFProText-Semibold.ttf in Resources */,
				6BE2A0BF2C98DA6200490224 /* MenuViewController.xib in Resources */,
				6B56F8492C98C55600A11B65 /* Base in Resources */,
				6B56F85B2C98C78300A11B65 /* Splash.storyboard in Resources */,
				6BAB73022C9A37860093AF8A /* SFProText-Medium.ttf in Resources */,
				6BD441992C99CBC800F4B25E /* CoolView.xib in Resources */,
				6BD441AD2C99F97800F4B25E /* EmptyCompletedTableViewCell.xib in Resources */,
			);
			runOnlyForDeploymentPostprocessing = 0;
		};
/* End PBXResourcesBuildPhase section */

/* Begin PBXSourcesBuildPhase section */
		6B56F83A2C98C55600A11B65 /* Sources */ = {
			isa = PBXSourcesBuildPhase;
			buildActionMask = 2147483647;
			files = (
				6BE2A0C42C98DD8700490224 /* NavigationViewController.swift in Sources */,
				6B56F84C2C98C55600A11B65 /* Dry_Cleaning.xcdatamodeld in Sources */,
				6B08EF782C98FE6000A218E2 /* BaseTextField.swift in Sources */,
				6BE2A0C02C98DA6200490224 /* MenuViewController.swift in Sources */,
				6B08EF552C98E67700A218E2 /* OrderModel.swift in Sources */,
				6BD441AE2C99F97800F4B25E /* EmptyCompletedTableViewCell.swift in Sources */,
				6B9F6BB12C99BB18003C2287 /* MenuViewModel.swift in Sources */,
				6BD441972C99CBBA00F4B25E /* CoolView.swift in Sources */,
				6BD441BB2C9A1ECF00F4B25E /* StatisticsModel.swift in Sources */,
				6BD441B82C9A1DF700F4B25E /* StatisticsViewModel.swift in Sources */,
				6B9F6BA92C9981F5003C2287 /* DateFormatter.swift in Sources */,
				6B9F6BAD2C99B348003C2287 /* FormatNumber.swift in Sources */,
				6B08EF752C98F6C600A218E2 /* CreateOrderViewController.swift in Sources */,
				6B56F85A2C98C73700A11B65 /* SplashPageViewController.swift in Sources */,
				6B56F86B2C98C9FF00A11B65 /* BaseButton.swift in Sources */,
				6BE2A0C22C98DC1F00490224 /* ViewController.swift in Sources */,
				6B56F8672C98C99300A11B65 /* Font.swift in Sources */,
				6B56F8462C98C55600A11B65 /* SplashViewController.swift in Sources */,
				6B56F8422C98C55600A11B65 /* AppDelegate.swift in Sources */,
				6BD441A42C99D3DD00F4B25E /* OrderTableViewCell.swift in Sources */,
				6BD441C12C9A2CC800F4B25E /* SettingsViewController.swift in Sources */,
				6B56F8442C98C55600A11B65 /* SceneDelegate.swift in Sources */,
				6B56F8932C98CD4100A11B65 /* FirstSplashViewController.swift in Sources */,
				6B08EF602C98EA7C00A218E2 /* CoreDataManager.swift in Sources */,
				6BD441A02C99D31F00F4B25E /* OrdersViewController.swift in Sources */,
				6B56F8692C98C9A800A11B65 /* StringKey.swift in Sources */,
				6B08EF7F2C996A5C00A218E2 /* MaterialTableViewCell.swift in Sources */,
				6BD441A72C99DAD100F4B25E /* OrdersViewModel.swift in Sources */,
				6B9F6BAB2C9999D4003C2287 /* NumberTextField.swift in Sources */,
				6B08EF7B2C99658F00A218E2 /* OrderViewModel.swift in Sources */,
				6BD441B42C9A173800F4B25E /* StatisticsViewController.swift in Sources */,
			);
			runOnlyForDeploymentPostprocessing = 0;
		};
/* End PBXSourcesBuildPhase section */

/* Begin PBXVariantGroup section */
		6B56F8472C98C55600A11B65 /* Splash.storyboard */ = {
			isa = PBXVariantGroup;
			children = (
				6B56F8482C98C55600A11B65 /* Base */,
			);
			name = Splash.storyboard;
			sourceTree = "<group>";
		};
		6B56F84F2C98C55800A11B65 /* LaunchScreen.storyboard */ = {
			isa = PBXVariantGroup;
			children = (
				6B56F8502C98C55800A11B65 /* Base */,
			);
			name = LaunchScreen.storyboard;
			sourceTree = "<group>";
		};
/* End PBXVariantGroup section */

/* Begin XCBuildConfiguration section */
		6B56F8532C98C55800A11B65 /* Debug */ = {
			isa = XCBuildConfiguration;
			buildSettings = {
				ALWAYS_SEARCH_USER_PATHS = NO;
				ASSETCATALOG_COMPILER_GENERATE_SWIFT_ASSET_SYMBOL_EXTENSIONS = YES;
				CLANG_ANALYZER_NONNULL = YES;
				CLANG_ANALYZER_NUMBER_OBJECT_CONVERSION = YES_AGGRESSIVE;
				CLANG_CXX_LANGUAGE_STANDARD = "gnu++20";
				CLANG_ENABLE_MODULES = YES;
				CLANG_ENABLE_OBJC_ARC = YES;
				CLANG_ENABLE_OBJC_WEAK = YES;
				CLANG_WARN_BLOCK_CAPTURE_AUTORELEASING = YES;
				CLANG_WARN_BOOL_CONVERSION = YES;
				CLANG_WARN_COMMA = YES;
				CLANG_WARN_CONSTANT_CONVERSION = YES;
				CLANG_WARN_DEPRECATED_OBJC_IMPLEMENTATIONS = YES;
				CLANG_WARN_DIRECT_OBJC_ISA_USAGE = YES_ERROR;
				CLANG_WARN_DOCUMENTATION_COMMENTS = YES;
				CLANG_WARN_EMPTY_BODY = YES;
				CLANG_WARN_ENUM_CONVERSION = YES;
				CLANG_WARN_INFINITE_RECURSION = YES;
				CLANG_WARN_INT_CONVERSION = YES;
				CLANG_WARN_NON_LITERAL_NULL_CONVERSION = YES;
				CLANG_WARN_OBJC_IMPLICIT_RETAIN_SELF = YES;
				CLANG_WARN_OBJC_LITERAL_CONVERSION = YES;
				CLANG_WARN_OBJC_ROOT_CLASS = YES_ERROR;
				CLANG_WARN_QUOTED_INCLUDE_IN_FRAMEWORK_HEADER = YES;
				CLANG_WARN_RANGE_LOOP_ANALYSIS = YES;
				CLANG_WARN_STRICT_PROTOTYPES = YES;
				CLANG_WARN_SUSPICIOUS_MOVE = YES;
				CLANG_WARN_UNGUARDED_AVAILABILITY = YES_AGGRESSIVE;
				CLANG_WARN_UNREACHABLE_CODE = YES;
				CLANG_WARN__DUPLICATE_METHOD_MATCH = YES;
				COPY_PHASE_STRIP = NO;
				DEBUG_INFORMATION_FORMAT = dwarf;
				ENABLE_STRICT_OBJC_MSGSEND = YES;
				ENABLE_TESTABILITY = YES;
				ENABLE_USER_SCRIPT_SANDBOXING = YES;
				GCC_C_LANGUAGE_STANDARD = gnu17;
				GCC_DYNAMIC_NO_PIC = NO;
				GCC_NO_COMMON_BLOCKS = YES;
				GCC_OPTIMIZATION_LEVEL = 0;
				GCC_PREPROCESSOR_DEFINITIONS = (
					"DEBUG=1",
					"$(inherited)",
				);
				GCC_WARN_64_TO_32_BIT_CONVERSION = YES;
				GCC_WARN_ABOUT_RETURN_TYPE = YES_ERROR;
				GCC_WARN_UNDECLARED_SELECTOR = YES;
				GCC_WARN_UNINITIALIZED_AUTOS = YES_AGGRESSIVE;
				GCC_WARN_UNUSED_FUNCTION = YES;
				GCC_WARN_UNUSED_VARIABLE = YES;
				IPHONEOS_DEPLOYMENT_TARGET = 15.0;
				LOCALIZATION_PREFERS_STRING_CATALOGS = YES;
				MTL_ENABLE_DEBUG_INFO = INCLUDE_SOURCE;
				MTL_FAST_MATH = YES;
				ONLY_ACTIVE_ARCH = YES;
				SDKROOT = iphoneos;
				SWIFT_ACTIVE_COMPILATION_CONDITIONS = "DEBUG $(inherited)";
				SWIFT_OPTIMIZATION_LEVEL = "-Onone";
			};
			name = Debug;
		};
		6B56F8542C98C55800A11B65 /* Release */ = {
			isa = XCBuildConfiguration;
			buildSettings = {
				ALWAYS_SEARCH_USER_PATHS = NO;
				ASSETCATALOG_COMPILER_GENERATE_SWIFT_ASSET_SYMBOL_EXTENSIONS = YES;
				CLANG_ANALYZER_NONNULL = YES;
				CLANG_ANALYZER_NUMBER_OBJECT_CONVERSION = YES_AGGRESSIVE;
				CLANG_CXX_LANGUAGE_STANDARD = "gnu++20";
				CLANG_ENABLE_MODULES = YES;
				CLANG_ENABLE_OBJC_ARC = YES;
				CLANG_ENABLE_OBJC_WEAK = YES;
				CLANG_WARN_BLOCK_CAPTURE_AUTORELEASING = YES;
				CLANG_WARN_BOOL_CONVERSION = YES;
				CLANG_WARN_COMMA = YES;
				CLANG_WARN_CONSTANT_CONVERSION = YES;
				CLANG_WARN_DEPRECATED_OBJC_IMPLEMENTATIONS = YES;
				CLANG_WARN_DIRECT_OBJC_ISA_USAGE = YES_ERROR;
				CLANG_WARN_DOCUMENTATION_COMMENTS = YES;
				CLANG_WARN_EMPTY_BODY = YES;
				CLANG_WARN_ENUM_CONVERSION = YES;
				CLANG_WARN_INFINITE_RECURSION = YES;
				CLANG_WARN_INT_CONVERSION = YES;
				CLANG_WARN_NON_LITERAL_NULL_CONVERSION = YES;
				CLANG_WARN_OBJC_IMPLICIT_RETAIN_SELF = YES;
				CLANG_WARN_OBJC_LITERAL_CONVERSION = YES;
				CLANG_WARN_OBJC_ROOT_CLASS = YES_ERROR;
				CLANG_WARN_QUOTED_INCLUDE_IN_FRAMEWORK_HEADER = YES;
				CLANG_WARN_RANGE_LOOP_ANALYSIS = YES;
				CLANG_WARN_STRICT_PROTOTYPES = YES;
				CLANG_WARN_SUSPICIOUS_MOVE = YES;
				CLANG_WARN_UNGUARDED_AVAILABILITY = YES_AGGRESSIVE;
				CLANG_WARN_UNREACHABLE_CODE = YES;
				CLANG_WARN__DUPLICATE_METHOD_MATCH = YES;
				COPY_PHASE_STRIP = NO;
				DEBUG_INFORMATION_FORMAT = "dwarf-with-dsym";
				ENABLE_NS_ASSERTIONS = NO;
				ENABLE_STRICT_OBJC_MSGSEND = YES;
				ENABLE_USER_SCRIPT_SANDBOXING = YES;
				GCC_C_LANGUAGE_STANDARD = gnu17;
				GCC_NO_COMMON_BLOCKS = YES;
				GCC_WARN_64_TO_32_BIT_CONVERSION = YES;
				GCC_WARN_ABOUT_RETURN_TYPE = YES_ERROR;
				GCC_WARN_UNDECLARED_SELECTOR = YES;
				GCC_WARN_UNINITIALIZED_AUTOS = YES_AGGRESSIVE;
				GCC_WARN_UNUSED_FUNCTION = YES;
				GCC_WARN_UNUSED_VARIABLE = YES;
				IPHONEOS_DEPLOYMENT_TARGET = 15.0;
				LOCALIZATION_PREFERS_STRING_CATALOGS = YES;
				MTL_ENABLE_DEBUG_INFO = NO;
				MTL_FAST_MATH = YES;
				SDKROOT = iphoneos;
				SWIFT_COMPILATION_MODE = wholemodule;
				VALIDATE_PRODUCT = YES;
			};
			name = Release;
		};
		6B56F8562C98C55800A11B65 /* Debug */ = {
			isa = XCBuildConfiguration;
			buildSettings = {
				ASSETCATALOG_COMPILER_APPICON_NAME = AppIcon;
				ASSETCATALOG_COMPILER_GLOBAL_ACCENT_COLOR_NAME = AccentColor;
				CODE_SIGN_STYLE = Automatic;
				CURRENT_PROJECT_VERSION = 1;
				DEVELOPMENT_TEAM = 9YUSQBCAX9;
				GENERATE_INFOPLIST_FILE = YES;
				INFOPLIST_FILE = "Dry-Cleaning/Info.plist";
				INFOPLIST_KEY_UIApplicationSupportsIndirectInputEvents = YES;
				INFOPLIST_KEY_UILaunchStoryboardName = LaunchScreen;
				INFOPLIST_KEY_UIMainStoryboardFile = Splash;
				INFOPLIST_KEY_UISupportedInterfaceOrientations = UIInterfaceOrientationPortrait;
				INFOPLIST_KEY_UISupportedInterfaceOrientations_iPad = "UIInterfaceOrientationPortrait UIInterfaceOrientationPortraitUpsideDown";
				LD_RUNPATH_SEARCH_PATHS = (
					"$(inherited)",
					"@executable_path/Frameworks",
				);
				MARKETING_VERSION = 1.0;
				PRODUCT_BUNDLE_IDENTIFIER = "Karen.Dry-Cleaning";
				PRODUCT_NAME = "$(TARGET_NAME)";
				SWIFT_EMIT_LOC_STRINGS = YES;
				SWIFT_VERSION = 5.0;
				TARGETED_DEVICE_FAMILY = "1,2";
			};
			name = Debug;
		};
		6B56F8572C98C55800A11B65 /* Release */ = {
			isa = XCBuildConfiguration;
			buildSettings = {
				ASSETCATALOG_COMPILER_APPICON_NAME = AppIcon;
				ASSETCATALOG_COMPILER_GLOBAL_ACCENT_COLOR_NAME = AccentColor;
				CODE_SIGN_STYLE = Automatic;
				CURRENT_PROJECT_VERSION = 1;
				DEVELOPMENT_TEAM = 9YUSQBCAX9;
				GENERATE_INFOPLIST_FILE = YES;
				INFOPLIST_FILE = "Dry-Cleaning/Info.plist";
				INFOPLIST_KEY_UIApplicationSupportsIndirectInputEvents = YES;
				INFOPLIST_KEY_UILaunchStoryboardName = LaunchScreen;
				INFOPLIST_KEY_UIMainStoryboardFile = Splash;
				INFOPLIST_KEY_UISupportedInterfaceOrientations = UIInterfaceOrientationPortrait;
				INFOPLIST_KEY_UISupportedInterfaceOrientations_iPad = "UIInterfaceOrientationPortrait UIInterfaceOrientationPortraitUpsideDown";
				LD_RUNPATH_SEARCH_PATHS = (
					"$(inherited)",
					"@executable_path/Frameworks",
				);
				MARKETING_VERSION = 1.0;
				PRODUCT_BUNDLE_IDENTIFIER = "Karen.Dry-Cleaning";
				PRODUCT_NAME = "$(TARGET_NAME)";
				SWIFT_EMIT_LOC_STRINGS = YES;
				SWIFT_VERSION = 5.0;
				TARGETED_DEVICE_FAMILY = "1,2";
			};
			name = Release;
		};
/* End XCBuildConfiguration section */

/* Begin XCConfigurationList section */
		6B56F8392C98C55600A11B65 /* Build configuration list for PBXProject "Dry-Cleaning" */ = {
			isa = XCConfigurationList;
			buildConfigurations = (
				6B56F8532C98C55800A11B65 /* Debug */,
				6B56F8542C98C55800A11B65 /* Release */,
			);
			defaultConfigurationIsVisible = 0;
			defaultConfigurationName = Release;
		};
		6B56F8552C98C55800A11B65 /* Build configuration list for PBXNativeTarget "Dry-Cleaning" */ = {
			isa = XCConfigurationList;
			buildConfigurations = (
				6B56F8562C98C55800A11B65 /* Debug */,
				6B56F8572C98C55800A11B65 /* Release */,
			);
			defaultConfigurationIsVisible = 0;
			defaultConfigurationName = Release;
		};
/* End XCConfigurationList section */

/* Begin XCVersionGroup section */
		6B56F84A2C98C55600A11B65 /* Dry_Cleaning.xcdatamodeld */ = {
			isa = XCVersionGroup;
			children = (
				6B56F84B2C98C55600A11B65 /* Dry_Cleaning.xcdatamodel */,
			);
			currentVersion = 6B56F84B2C98C55600A11B65 /* Dry_Cleaning.xcdatamodel */;
			path = Dry_Cleaning.xcdatamodeld;
			sourceTree = "<group>";
			versionGroupType = wrapper.xcdatamodel;
		};
/* End XCVersionGroup section */
	};
	rootObject = 6B56F8362C98C55600A11B65 /* Project object */;
}
